{
  "name": "bun-sqligth",
  "lockfileVersion": 3,
  "requires": true,
  "packages": {
    "": {
      "name": "bun-sqligth",
      "devDependencies": {
        "@faker-js/faker": "^9.5.1",
        "@types/bun": "^1.2.4"
      },
      "peerDependencies": {
        "typescript": "^5.0.0"
      }
    },
    "node_modules/@faker-js/faker": {
      "version": "9.5.1",
      "resolved": "https://registry.npmjs.org/@faker-js/faker/-/faker-9.5.1.tgz",
      "integrity": "sha512-0fzMEDxkExR2cn731kpDaCCnBGBUOIXEi2S1N5l8Hltp6aPf4soTMJ+g4k8r2sI5oB+rpwIW8Uy/6jkwGpnWPg==",
      "dev": true,
      "funding": [
        {
          "type": "opencollective",
          "url": "https://opencollective.com/fakerjs"
        }
      ],
      "license": "MIT",
      "engines": {
        "node": ">=18.0.0",
        "npm": ">=9.0.0"
      }
    },
    "node_modules/@types/bun": {
      "version": "1.2.4",
      "dev": true,
      "license": "MIT",
      "dependencies": {
        "bun-types": "1.2.4"
      }
    },
    "node_modules/@types/node": {
      "version": "20.12.14",
      "dev": true,
      "license": "MIT",
      "dependencies": {
        "undici-types": "~5.26.4"
      }
    },
    "node_modules/@types/ws": {
      "version": "8.5.12",
      "dev": true,
      "license": "MIT",
      "dependencies": {
        "@types/node": "*"
      }
    },
    "node_modules/bun-types": {
      "version": "1.2.4",
      "dev": true,
      "license": "MIT",
      "dependencies": {
        "@types/node": "*",
        "@types/ws": "~8.5.10"
      }
    },
    "node_modules/typescript": {
      "version": "5.6.2",
      "license": "Apache-2.0",
      "peer": true,
      "bin": {
        "tsc": "bin/tsc",
        "tsserver": "bin/tsserver"
      },
      "engines": {
        "node": ">=14.17"
      }
    },
    "node_modules/undici-types": {
      "version": "5.26.5",
      "dev": true,
      "license": "MIT"
    }
  }
}
